
Microsoft Visual Studio Solution File, Format Version 12.00
# Visual Studio Version 16
VisualStudioVersion = 16.0.30104.148
MinimumVisualStudioVersion = 10.0.40219.1
Project("{FAE04EC0-301F-11D3-BF4B-00C04F79EFBC}") = "RealEstateApp", "RealEstateApp\RealEstateApp.csproj", "{C14B5E8D-2783-4887-87BB-F1490CD5CEAB}"
EndProject
Global
	GlobalSection(SolutionConfigurationPlatforms) = preSolution
		Debug|Any CPU = Debug|Any CPU
		Release|Any CPU = Release|Any CPU
	EndGlobalSection
	GlobalSection(ProjectConfigurationPlatforms) = postSolution
		{C14B5E8D-2783-4887-87BB-F1490CD5CEAB}.Debug|Any CPU.ActiveCfg = Debug|Any CPU
		{C14B5E8D-2783-4887-87BB-F1490CD5CEAB}.Debug|Any CPU.Build.0 = Debug|Any CPU
		{C14B5E8D-2783-4887-87BB-F1490CD5CEAB}.Release|Any CPU.ActiveCfg = Release|Any CPU
		{C14B5E8D-2783-4887-87BB-F1490CD5CEAB}.Release|Any CPU.Build.0 = Release|Any CPU
	EndGlobalSection
	GlobalSection(SolutionProperties) = preSolution
		HideSolutionNode = FALSE
	EndGlobalSection
	GlobalSection(ExtensibilityGlobals) = postSolution
		SolutionGuid = {652AED57-1073-4D4A-B7DD-1BEFED2CF16E}
	EndGlobalSection
EndGlobal
